
Microsoft Visual Studio Solution File, Format Version 12.00
# Visual Studio 15
Project("{FAE04EC0-301F-11D3-BF4B-00C04F79EFBC}") = "Assembly-CSharp", "Assembly-CSharp.csproj", "{DBA44857-7C2E-DDBA-68F6-B186F13DC241}"
EndProject
Project("{FAE04EC0-301F-11D3-BF4B-00C04F79EFBC}") = "Assembly-CSharp-Editor", "Assembly-CSharp-Editor.csproj", "{F70BE9D8-2B82-8A61-2067-298A301EB597}"
EndProject
Global
	GlobalSection(SolutionConfigurationPlatforms) = preSolution
		Debug|Any CPU = Debug|Any CPU
		Release|Any CPU = Release|Any CPU
	EndGlobalSection
	GlobalSection(ProjectConfigurationPlatforms) = postSolution
		{DBA44857-7C2E-DDBA-68F6-B186F13DC241}.Debug|Any CPU.ActiveCfg = Debug|Any CPU
		{DBA44857-7C2E-DDBA-68F6-B186F13DC241}.Debug|Any CPU.Build.0 = Debug|Any CPU
		{DBA44857-7C2E-DDBA-68F6-B186F13DC241}.Release|Any CPU.ActiveCfg = Release|Any CPU
		{DBA44857-7C2E-DDBA-68F6-B186F13DC241}.Release|Any CPU.Build.0 = Release|Any CPU
		{F70BE9D8-2B82-8A61-2067-298A301EB597}.Debug|Any CPU.ActiveCfg = Debug|Any CPU
		{F70BE9D8-2B82-8A61-2067-298A301EB597}.Debug|Any CPU.Build.0 = Debug|Any CPU
		{F70BE9D8-2B82-8A61-2067-298A301EB597}.Release|Any CPU.ActiveCfg = Release|Any CPU
		{F70BE9D8-2B82-8A61-2067-298A301EB597}.Release|Any CPU.Build.0 = Release|Any CPU
	EndGlobalSection
	GlobalSection(SolutionProperties) = preSolution
		HideSolutionNode = FALSE
	EndGlobalSection
EndGlobal
