
Microsoft Visual Studio Solution File, Format Version 12.00
# Visual Studio 15
Project("{FAE04EC0-301F-11D3-BF4B-00C04F79EFBC}") = "Assembly-CSharp", "Assembly-CSharp.csproj", "{47B722A9-E085-EF9F-AD8A-DC79CE08FBEA}"
EndProject
Project("{FAE04EC0-301F-11D3-BF4B-00C04F79EFBC}") = "Assembly-CSharp-Editor", "Assembly-CSharp-Editor.csproj", "{33DF221F-5C17-CBF9-0BC3-D1B5A04316FE}"
EndProject
Global
	GlobalSection(SolutionConfigurationPlatforms) = preSolution
		Debug|Any CPU = Debug|Any CPU
		Release|Any CPU = Release|Any CPU
	EndGlobalSection
	GlobalSection(ProjectConfigurationPlatforms) = postSolution
		{47B722A9-E085-EF9F-AD8A-DC79CE08FBEA}.Debug|Any CPU.ActiveCfg = Debug|Any CPU
		{47B722A9-E085-EF9F-AD8A-DC79CE08FBEA}.Debug|Any CPU.Build.0 = Debug|Any CPU
		{47B722A9-E085-EF9F-AD8A-DC79CE08FBEA}.Release|Any CPU.ActiveCfg = Release|Any CPU
		{47B722A9-E085-EF9F-AD8A-DC79CE08FBEA}.Release|Any CPU.Build.0 = Release|Any CPU
		{33DF221F-5C17-CBF9-0BC3-D1B5A04316FE}.Debug|Any CPU.ActiveCfg = Debug|Any CPU
		{33DF221F-5C17-CBF9-0BC3-D1B5A04316FE}.Debug|Any CPU.Build.0 = Debug|Any CPU
		{33DF221F-5C17-CBF9-0BC3-D1B5A04316FE}.Release|Any CPU.ActiveCfg = Release|Any CPU
		{33DF221F-5C17-CBF9-0BC3-D1B5A04316FE}.Release|Any CPU.Build.0 = Release|Any CPU
	EndGlobalSection
	GlobalSection(SolutionProperties) = preSolution
		HideSolutionNode = FALSE
	EndGlobalSection
EndGlobal
